{
  "pins" : [
    {
      "identity" : "c",
      "kind" : "remoteSourceControl",
      "location" : "https://github.com/0xOpenBytes/c",
      "state" : {
        "revision" : "8be47363b905a1a159647f7d04352b5660c90bc1",
        "version" : "1.1.1"
      }
    },
    {
      "identity" : "cachestore",
      "kind" : "remoteSourceControl",
      "location" : "https://github.com/0xOpenBytes/CacheStore",
      "state" : {
        "revision" : "14e95500e1ef2c416f6061b56b55e0ed12083ca5",
        "version" : "3.3.0"
      }
    },
    {
      "identity" : "swift-custom-dump",
      "kind" : "remoteSourceControl",
      "location" : "https://github.com/0xLeif/swift-custom-dump",
      "state" : {
        "revision" : "9df7aaf030cedf633f74f9f2a1d389426b4aab84",
        "version" : "0.4.1"
      }
    },
    {
      "identity" : "t",
      "kind" : "remoteSourceControl",
      "location" : "https://github.com/0xOpenBytes/t",
      "state" : {
        "revision" : "78294df737c524f40267bca42beb8e10ca28aa41",
        "version" : "0.2.0"
      }
    },
    {
      "identity" : "xctest-dynamic-overlay",
      "kind" : "remoteSourceControl",
      "location" : "https://github.com/pointfreeco/xctest-dynamic-overlay",
      "state" : {
        "revision" : "30314f1ece684dd60679d598a9b89107557b67d9",
        "version" : "0.4.1"
      }
    }
  ],
  "version" : 2
}
